
Microsoft Visual Studio Solution File, Format Version 12.00
# Visual Studio 14
VisualStudioVersion = 14.0.23107.0
MinimumVisualStudioVersion = 10.0.40219.1
Project("{FAE04EC0-301F-11D3-BF4B-00C04F79EFBC}") = "UIConsole", "UIConsole\UIConsole.csproj", "{3EAC46FB-6959-49A7-8BFD-F37EE5FD0AFE}"
EndProject
Project("{FAE04EC0-301F-11D3-BF4B-00C04F79EFBC}") = "Repositorio", "Repositorio\Repositorio.csproj", "{48B17418-0B97-475A-8A92-6F73A8D22A65}"
EndProject
Project("{FAE04EC0-301F-11D3-BF4B-00C04F79EFBC}") = "Dominio", "Dominio\Dominio.csproj", "{C8F4DF6D-3993-47FB-93A7-0DC5CDD90DDC}"
EndProject
Project("{FAE04EC0-301F-11D3-BF4B-00C04F79EFBC}") = "Aplicacao", "Aplicacao\Aplicacao.csproj", "{992C6FCF-9A6D-456F-9235-F59D5DDC10A3}"
EndProject
Global
	GlobalSection(SolutionConfigurationPlatforms) = preSolution
		Debug|Any CPU = Debug|Any CPU
		Release|Any CPU = Release|Any CPU
	EndGlobalSection
	GlobalSection(ProjectConfigurationPlatforms) = postSolution
		{3EAC46FB-6959-49A7-8BFD-F37EE5FD0AFE}.Debug|Any CPU.ActiveCfg = Debug|Any CPU
		{3EAC46FB-6959-49A7-8BFD-F37EE5FD0AFE}.Debug|Any CPU.Build.0 = Debug|Any CPU
		{3EAC46FB-6959-49A7-8BFD-F37EE5FD0AFE}.Release|Any CPU.ActiveCfg = Release|Any CPU
		{3EAC46FB-6959-49A7-8BFD-F37EE5FD0AFE}.Release|Any CPU.Build.0 = Release|Any CPU
		{48B17418-0B97-475A-8A92-6F73A8D22A65}.Debug|Any CPU.ActiveCfg = Debug|Any CPU
		{48B17418-0B97-475A-8A92-6F73A8D22A65}.Debug|Any CPU.Build.0 = Debug|Any CPU
		{48B17418-0B97-475A-8A92-6F73A8D22A65}.Release|Any CPU.ActiveCfg = Release|Any CPU
		{48B17418-0B97-475A-8A92-6F73A8D22A65}.Release|Any CPU.Build.0 = Release|Any CPU
		{C8F4DF6D-3993-47FB-93A7-0DC5CDD90DDC}.Debug|Any CPU.ActiveCfg = Debug|Any CPU
		{C8F4DF6D-3993-47FB-93A7-0DC5CDD90DDC}.Debug|Any CPU.Build.0 = Debug|Any CPU
		{C8F4DF6D-3993-47FB-93A7-0DC5CDD90DDC}.Release|Any CPU.ActiveCfg = Release|Any CPU
		{C8F4DF6D-3993-47FB-93A7-0DC5CDD90DDC}.Release|Any CPU.Build.0 = Release|Any CPU
		{992C6FCF-9A6D-456F-9235-F59D5DDC10A3}.Debug|Any CPU.ActiveCfg = Debug|Any CPU
		{992C6FCF-9A6D-456F-9235-F59D5DDC10A3}.Debug|Any CPU.Build.0 = Debug|Any CPU
		{992C6FCF-9A6D-456F-9235-F59D5DDC10A3}.Release|Any CPU.ActiveCfg = Release|Any CPU
		{992C6FCF-9A6D-456F-9235-F59D5DDC10A3}.Release|Any CPU.Build.0 = Release|Any CPU
	EndGlobalSection
	GlobalSection(SolutionProperties) = preSolution
		HideSolutionNode = FALSE
	EndGlobalSection
EndGlobal
